// !$*UTF8*$!
{
	archiveVersion = 1;
	classes = {
	};
	objectVersion = 50;
	objects = {

/* Begin PBXBuildFile section */
		02A082F3220CF2D800580DF9 /* AppDelegate.swift in Sources */ = {isa = PBXBuildFile; fileRef = 02A082F2220CF2D800580DF9 /* AppDelegate.swift */; };
		02A082F8220CF2D800580DF9 /* Main.storyboard in Resources */ = {isa = PBXBuildFile; fileRef = 02A082F6220CF2D800580DF9 /* Main.storyboard */; };
		02A082FA220CF2DB00580DF9 /* Assets.xcassets in Resources */ = {isa = PBXBuildFile; fileRef = 02A082F9220CF2DB00580DF9 /* Assets.xcassets */; };
		02A082FD220CF2DB00580DF9 /* LaunchScreen.storyboard in Resources */ = {isa = PBXBuildFile; fileRef = 02A082FB220CF2DB00580DF9 /* LaunchScreen.storyboard */; };
		02A08308220CF2DC00580DF9 /* DishwasherTests.swift in Sources */ = {isa = PBXBuildFile; fileRef = 02A08307220CF2DC00580DF9 /* DishwasherTests.swift */; };
		02A0832D220CF3C500580DF9 /* AppRouter.swift in Sources */ = {isa = PBXBuildFile; fileRef = 02A08313220CF3C500580DF9 /* AppRouter.swift */; };
		02A0832E220CF3C500580DF9 /* JsonUtility.swift in Sources */ = {isa = PBXBuildFile; fileRef = 02A08314220CF3C500580DF9 /* JsonUtility.swift */; };
		02A0832F220CF3C500580DF9 /* Product.swift in Sources */ = {isa = PBXBuildFile; fileRef = 02A08315220CF3C500580DF9 /* Product.swift */; };
		02A08330220CF3C500580DF9 /* Attribute.swift in Sources */ = {isa = PBXBuildFile; fileRef = 02A08316220CF3C500580DF9 /* Attribute.swift */; };
		02A08331220CF3C500580DF9 /* APIHandler.swift in Sources */ = {isa = PBXBuildFile; fileRef = 02A08317220CF3C500580DF9 /* APIHandler.swift */; };
		02A08332220CF3C500580DF9 /* RootCell.swift in Sources */ = {isa = PBXBuildFile; fileRef = 02A0831B220CF3C500580DF9 /* RootCell.swift */; };
		02A08333220CF3C500580DF9 /* SubtitleCell.swift in Sources */ = {isa = PBXBuildFile; fileRef = 02A0831C220CF3C500580DF9 /* SubtitleCell.swift */; };
		02A08334220CF3C500580DF9 /* ImageHeaderView.swift in Sources */ = {isa = PBXBuildFile; fileRef = 02A0831D220CF3C500580DF9 /* ImageHeaderView.swift */; };
		02A08335220CF3C500580DF9 /* AccessoryCell.swift in Sources */ = {isa = PBXBuildFile; fileRef = 02A0831E220CF3C500580DF9 /* AccessoryCell.swift */; };
		02A08336220CF3C500580DF9 /* DetailsPresenter.swift in Sources */ = {isa = PBXBuildFile; fileRef = 02A0831F220CF3C500580DF9 /* DetailsPresenter.swift */; };
		02A08337220CF3C500580DF9 /* DetailsDataSource.swift in Sources */ = {isa = PBXBuildFile; fileRef = 02A08320220CF3C500580DF9 /* DetailsDataSource.swift */; };
		02A08338220CF3C500580DF9 /* DetailsInteractor.swift in Sources */ = {isa = PBXBuildFile; fileRef = 02A08321220CF3C500580DF9 /* DetailsInteractor.swift */; };
		02A08339220CF3C500580DF9 /* DetailsViewController.swift in Sources */ = {isa = PBXBuildFile; fileRef = 02A08322220CF3C500580DF9 /* DetailsViewController.swift */; };
		02A0833A220CF3C500580DF9 /* MainRouter.swift in Sources */ = {isa = PBXBuildFile; fileRef = 02A08323220CF3C500580DF9 /* MainRouter.swift */; };
		02A0833B220CF3C500580DF9 /* GridDataSource.swift in Sources */ = {isa = PBXBuildFile; fileRef = 02A08325220CF3C500580DF9 /* GridDataSource.swift */; };
		02A0833C220CF3C500580DF9 /* GridViewController.swift in Sources */ = {isa = PBXBuildFile; fileRef = 02A08326220CF3C500580DF9 /* GridViewController.swift */; };
		02A0833D220CF3C500580DF9 /* ItemCell.xib in Resources */ = {isa = PBXBuildFile; fileRef = 02A08328220CF3C500580DF9 /* ItemCell.xib */; };
		02A0833E220CF3C500580DF9 /* ItemCell.swift in Sources */ = {isa = PBXBuildFile; fileRef = 02A08329220CF3C500580DF9 /* ItemCell.swift */; };
		02A0833F220CF3C500580DF9 /* ItemCellModel.swift in Sources */ = {isa = PBXBuildFile; fileRef = 02A0832A220CF3C500580DF9 /* ItemCellModel.swift */; };
		02A08340220CF3C500580DF9 /* GridPresenter.swift in Sources */ = {isa = PBXBuildFile; fileRef = 02A0832B220CF3C500580DF9 /* GridPresenter.swift */; };
		02A08341220CF3C500580DF9 /* GridInteractor.swift in Sources */ = {isa = PBXBuildFile; fileRef = 02A0832C220CF3C500580DF9 /* GridInteractor.swift */; };
/* End PBXBuildFile section */

/* Begin PBXContainerItemProxy section */
		02A08304220CF2DC00580DF9 /* PBXContainerItemProxy */ = {
			isa = PBXContainerItemProxy;
			containerPortal = 02A082E7220CF2D800580DF9 /* Project object */;
			proxyType = 1;
			remoteGlobalIDString = 02A082EE220CF2D800580DF9;
			remoteInfo = Dishwasher;
		};
/* End PBXContainerItemProxy section */

/* Begin PBXFileReference section */
		02A082EF220CF2D800580DF9 /* Dishwasher.app */ = {isa = PBXFileReference; explicitFileType = wrapper.application; includeInIndex = 0; path = Dishwasher.app; sourceTree = BUILT_PRODUCTS_DIR; };
		02A082F2220CF2D800580DF9 /* AppDelegate.swift */ = {isa = PBXFileReference; lastKnownFileType = sourcecode.swift; path = AppDelegate.swift; sourceTree = "<group>"; };
		02A082F7220CF2D800580DF9 /* Base */ = {isa = PBXFileReference; lastKnownFileType = file.storyboard; name = Base; path = Base.lproj/Main.storyboard; sourceTree = "<group>"; };
		02A082F9220CF2DB00580DF9 /* Assets.xcassets */ = {isa = PBXFileReference; lastKnownFileType = folder.assetcatalog; path = Assets.xcassets; sourceTree = "<group>"; };
		02A082FC220CF2DB00580DF9 /* Base */ = {isa = PBXFileReference; lastKnownFileType = file.storyboard; name = Base; path = Base.lproj/LaunchScreen.storyboard; sourceTree = "<group>"; };
		02A082FE220CF2DB00580DF9 /* Info.plist */ = {isa = PBXFileReference; lastKnownFileType = text.plist.xml; path = Info.plist; sourceTree = "<group>"; };
		02A08303220CF2DC00580DF9 /* DishwasherTests.xctest */ = {isa = PBXFileReference; explicitFileType = wrapper.cfbundle; includeInIndex = 0; path = DishwasherTests.xctest; sourceTree = BUILT_PRODUCTS_DIR; };
		02A08307220CF2DC00580DF9 /* DishwasherTests.swift */ = {isa = PBXFileReference; lastKnownFileType = sourcecode.swift; path = DishwasherTests.swift; sourceTree = "<group>"; };
		02A08309220CF2DC00580DF9 /* Info.plist */ = {isa = PBXFileReference; lastKnownFileType = text.plist.xml; path = Info.plist; sourceTree = "<group>"; };
		02A08313220CF3C500580DF9 /* AppRouter.swift */ = {isa = PBXFileReference; fileEncoding = 4; lastKnownFileType = sourcecode.swift; path = AppRouter.swift; sourceTree = "<group>"; };
		02A08314220CF3C500580DF9 /* JsonUtility.swift */ = {isa = PBXFileReference; fileEncoding = 4; lastKnownFileType = sourcecode.swift; path = JsonUtility.swift; sourceTree = "<group>"; };
		02A08315220CF3C500580DF9 /* Product.swift */ = {isa = PBXFileReference; fileEncoding = 4; lastKnownFileType = sourcecode.swift; path = Product.swift; sourceTree = "<group>"; };
		02A08316220CF3C500580DF9 /* Attribute.swift */ = {isa = PBXFileReference; fileEncoding = 4; lastKnownFileType = sourcecode.swift; path = Attribute.swift; sourceTree = "<group>"; };
		02A08317220CF3C500580DF9 /* APIHandler.swift */ = {isa = PBXFileReference; fileEncoding = 4; lastKnownFileType = sourcecode.swift; path = APIHandler.swift; sourceTree = "<group>"; };
		02A0831B220CF3C500580DF9 /* RootCell.swift */ = {isa = PBXFileReference; fileEncoding = 4; lastKnownFileType = sourcecode.swift; path = RootCell.swift; sourceTree = "<group>"; };
		02A0831C220CF3C500580DF9 /* SubtitleCell.swift */ = {isa = PBXFileReference; fileEncoding = 4; lastKnownFileType = sourcecode.swift; path = SubtitleCell.swift; sourceTree = "<group>"; };
		02A0831D220CF3C500580DF9 /* ImageHeaderView.swift */ = {isa = PBXFileReference; fileEncoding = 4; lastKnownFileType = sourcecode.swift; path = ImageHeaderView.swift; sourceTree = "<group>"; };
		02A0831E220CF3C500580DF9 /* AccessoryCell.swift */ = {isa = PBXFileReference; fileEncoding = 4; lastKnownFileType = sourcecode.swift; path = AccessoryCell.swift; sourceTree = "<group>"; };
		02A0831F220CF3C500580DF9 /* DetailsPresenter.swift */ = {isa = PBXFileReference; fileEncoding = 4; lastKnownFileType = sourcecode.swift; path = DetailsPresenter.swift; sourceTree = "<group>"; };
		02A08320220CF3C500580DF9 /* DetailsDataSource.swift */ = {isa = PBXFileReference; fileEncoding = 4; lastKnownFileType = sourcecode.swift; path = DetailsDataSource.swift; sourceTree = "<group>"; };
		02A08321220CF3C500580DF9 /* DetailsInteractor.swift */ = {isa = PBXFileReference; fileEncoding = 4; lastKnownFileType = sourcecode.swift; path = DetailsInteractor.swift; sourceTree = "<group>"; };
		02A08322220CF3C500580DF9 /* DetailsViewController.swift */ = {isa = PBXFileReference; fileEncoding = 4; lastKnownFileType = sourcecode.swift; path = DetailsViewController.swift; sourceTree = "<group>"; };
		02A08323220CF3C500580DF9 /* MainRouter.swift */ = {isa = PBXFileReference; fileEncoding = 4; lastKnownFileType = sourcecode.swift; path = MainRouter.swift; sourceTree = "<group>"; };
		02A08325220CF3C500580DF9 /* GridDataSource.swift */ = {isa = PBXFileReference; fileEncoding = 4; lastKnownFileType = sourcecode.swift; path = GridDataSource.swift; sourceTree = "<group>"; };
		02A08326220CF3C500580DF9 /* GridViewController.swift */ = {isa = PBXFileReference; fileEncoding = 4; lastKnownFileType = sourcecode.swift; path = GridViewController.swift; sourceTree = "<group>"; };
		02A08328220CF3C500580DF9 /* ItemCell.xib */ = {isa = PBXFileReference; fileEncoding = 4; lastKnownFileType = file.xib; path = ItemCell.xib; sourceTree = "<group>"; };
		02A08329220CF3C500580DF9 /* ItemCell.swift */ = {isa = PBXFileReference; fileEncoding = 4; lastKnownFileType = sourcecode.swift; path = ItemCell.swift; sourceTree = "<group>"; };
		02A0832A220CF3C500580DF9 /* ItemCellModel.swift */ = {isa = PBXFileReference; fileEncoding = 4; lastKnownFileType = sourcecode.swift; path = ItemCellModel.swift; sourceTree = "<group>"; };
		02A0832B220CF3C500580DF9 /* GridPresenter.swift */ = {isa = PBXFileReference; fileEncoding = 4; lastKnownFileType = sourcecode.swift; path = GridPresenter.swift; sourceTree = "<group>"; };
		02A0832C220CF3C500580DF9 /* GridInteractor.swift */ = {isa = PBXFileReference; fileEncoding = 4; lastKnownFileType = sourcecode.swift; path = GridInteractor.swift; sourceTree = "<group>"; };
/* End PBXFileReference section */

/* Begin PBXFrameworksBuildPhase section */
		02A082EC220CF2D800580DF9 /* Frameworks */ = {
			isa = PBXFrameworksBuildPhase;
			buildActionMask = 2147483647;
			files = (
			);
			runOnlyForDeploymentPostprocessing = 0;
		};
		02A08300220CF2DC00580DF9 /* Frameworks */ = {
			isa = PBXFrameworksBuildPhase;
			buildActionMask = 2147483647;
			files = (
			);
			runOnlyForDeploymentPostprocessing = 0;
		};
/* End PBXFrameworksBuildPhase section */

/* Begin PBXGroup section */
		02A082E6220CF2D800580DF9 = {
			isa = PBXGroup;
			children = (
				02A082F1220CF2D800580DF9 /* Dishwasher */,
				02A08306220CF2DC00580DF9 /* DishwasherTests */,
				02A082F0220CF2D800580DF9 /* Products */,
			);
			sourceTree = "<group>";
		};
		02A082F0220CF2D800580DF9 /* Products */ = {
			isa = PBXGroup;
			children = (
				02A082EF220CF2D800580DF9 /* Dishwasher.app */,
				02A08303220CF2DC00580DF9 /* DishwasherTests.xctest */,
			);
			name = Products;
			sourceTree = "<group>";
		};
		02A082F1220CF2D800580DF9 /* Dishwasher */ = {
			isa = PBXGroup;
			children = (
				02A08312220CF3C500580DF9 /* Classes */,
				02A08318220CF3C500580DF9 /* Feature */,
				02A082F2220CF2D800580DF9 /* AppDelegate.swift */,
				02A082F6220CF2D800580DF9 /* Main.storyboard */,
				02A082F9220CF2DB00580DF9 /* Assets.xcassets */,
				02A082FB220CF2DB00580DF9 /* LaunchScreen.storyboard */,
				02A082FE220CF2DB00580DF9 /* Info.plist */,
			);
			path = Dishwasher;
			sourceTree = "<group>";
		};
		02A08306220CF2DC00580DF9 /* DishwasherTests */ = {
			isa = PBXGroup;
			children = (
				02A08307220CF2DC00580DF9 /* DishwasherTests.swift */,
				02A08309220CF2DC00580DF9 /* Info.plist */,
			);
			path = DishwasherTests;
			sourceTree = "<group>";
		};
		02A08312220CF3C500580DF9 /* Classes */ = {
			isa = PBXGroup;
			children = (
				02A08313220CF3C500580DF9 /* AppRouter.swift */,
				02A08314220CF3C500580DF9 /* JsonUtility.swift */,
				02A08315220CF3C500580DF9 /* Product.swift */,
				02A08316220CF3C500580DF9 /* Attribute.swift */,
				02A08317220CF3C500580DF9 /* APIHandler.swift */,
			);
			path = Classes;
			sourceTree = "<group>";
		};
		02A08318220CF3C500580DF9 /* Feature */ = {
			isa = PBXGroup;
			children = (
				02A08319220CF3C500580DF9 /* Details */,
				02A08323220CF3C500580DF9 /* MainRouter.swift */,
				02A08324220CF3C500580DF9 /* Grid */,
			);
			path = Feature;
			sourceTree = "<group>";
		};
		02A08319220CF3C500580DF9 /* Details */ = {
			isa = PBXGroup;
			children = (
				02A0831A220CF3C500580DF9 /* DetailsItemCell */,
				02A0831F220CF3C500580DF9 /* DetailsPresenter.swift */,
				02A08320220CF3C500580DF9 /* DetailsDataSource.swift */,
				02A08321220CF3C500580DF9 /* DetailsInteractor.swift */,
				02A08322220CF3C500580DF9 /* DetailsViewController.swift */,
			);
			path = Details;
			sourceTree = "<group>";
		};
		02A0831A220CF3C500580DF9 /* DetailsItemCell */ = {
			isa = PBXGroup;
			children = (
				02A0831B220CF3C500580DF9 /* RootCell.swift */,
				02A0831C220CF3C500580DF9 /* SubtitleCell.swift */,
				02A0831D220CF3C500580DF9 /* ImageHeaderView.swift */,
				02A0831E220CF3C500580DF9 /* AccessoryCell.swift */,
			);
			path = DetailsItemCell;
			sourceTree = "<group>";
		};
		02A08324220CF3C500580DF9 /* Grid */ = {
			isa = PBXGroup;
			children = (
				02A08325220CF3C500580DF9 /* GridDataSource.swift */,
				02A08326220CF3C500580DF9 /* GridViewController.swift */,
				02A08327220CF3C500580DF9 /* GridItemCell */,
				02A0832B220CF3C500580DF9 /* GridPresenter.swift */,
				02A0832C220CF3C500580DF9 /* GridInteractor.swift */,
			);
			path = Grid;
			sourceTree = "<group>";
		};
		02A08327220CF3C500580DF9 /* GridItemCell */ = {
			isa = PBXGroup;
			children = (
				02A08328220CF3C500580DF9 /* ItemCell.xib */,
				02A08329220CF3C500580DF9 /* ItemCell.swift */,
				02A0832A220CF3C500580DF9 /* ItemCellModel.swift */,
			);
			path = GridItemCell;
			sourceTree = "<group>";
		};
/* End PBXGroup section */

/* Begin PBXNativeTarget section */
		02A082EE220CF2D800580DF9 /* Dishwasher */ = {
			isa = PBXNativeTarget;
			buildConfigurationList = 02A0830C220CF2DC00580DF9 /* Build configuration list for PBXNativeTarget "Dishwasher" */;
			buildPhases = (
				02A082EB220CF2D800580DF9 /* Sources */,
				02A082EC220CF2D800580DF9 /* Frameworks */,
				02A082ED220CF2D800580DF9 /* Resources */,
			);
			buildRules = (
			);
			dependencies = (
			);
			name = Dishwasher;
			productName = Dishwasher;
			productReference = 02A082EF220CF2D800580DF9 /* Dishwasher.app */;
			productType = "com.apple.product-type.application";
		};
		02A08302220CF2DC00580DF9 /* DishwasherTests */ = {
			isa = PBXNativeTarget;
			buildConfigurationList = 02A0830F220CF2DC00580DF9 /* Build configuration list for PBXNativeTarget "DishwasherTests" */;
			buildPhases = (
				02A082FF220CF2DC00580DF9 /* Sources */,
				02A08300220CF2DC00580DF9 /* Frameworks */,
				02A08301220CF2DC00580DF9 /* Resources */,
			);
			buildRules = (
			);
			dependencies = (
				02A08305220CF2DC00580DF9 /* PBXTargetDependency */,
			);
			name = DishwasherTests;
			productName = DishwasherTests;
			productReference = 02A08303220CF2DC00580DF9 /* DishwasherTests.xctest */;
			productType = "com.apple.product-type.bundle.unit-test";
		};
/* End PBXNativeTarget section */

/* Begin PBXProject section */
		02A082E7220CF2D800580DF9 /* Project object */ = {
			isa = PBXProject;
			attributes = {
				LastSwiftUpdateCheck = 1000;
				LastUpgradeCheck = 1000;
				ORGANIZATIONNAME = "Muhammad Nasir";
				TargetAttributes = {
					02A082EE220CF2D800580DF9 = {
						CreatedOnToolsVersion = 10.0;
					};
					02A08302220CF2DC00580DF9 = {
						CreatedOnToolsVersion = 10.0;
						TestTargetID = 02A082EE220CF2D800580DF9;
					};
				};
			};
			buildConfigurationList = 02A082EA220CF2D800580DF9 /* Build configuration list for PBXProject "Dishwasher" */;
			compatibilityVersion = "Xcode 9.3";
			developmentRegion = en;
			hasScannedForEncodings = 0;
			knownRegions = (
				en,
				Base,
			);
			mainGroup = 02A082E6220CF2D800580DF9;
			productRefGroup = 02A082F0220CF2D800580DF9 /* Products */;
			projectDirPath = "";
			projectRoot = "";
			targets = (
				02A082EE220CF2D800580DF9 /* Dishwasher */,
				02A08302220CF2DC00580DF9 /* DishwasherTests */,
			);
		};
/* End PBXProject section */

/* Begin PBXResourcesBuildPhase section */
		02A082ED220CF2D800580DF9 /* Resources */ = {
			isa = PBXResourcesBuildPhase;
			buildActionMask = 2147483647;
			files = (
				02A0833D220CF3C500580DF9 /* ItemCell.xib in Resources */,
				02A082FD220CF2DB00580DF9 /* LaunchScreen.storyboard in Resources */,
				02A082FA220CF2DB00580DF9 /* Assets.xcassets in Resources */,
				02A082F8220CF2D800580DF9 /* Main.storyboard in Resources */,
			);
			runOnlyForDeploymentPostprocessing = 0;
		};
		02A08301220CF2DC00580DF9 /* Resources */ = {
			isa = PBXResourcesBuildPhase;
			buildActionMask = 2147483647;
			files = (
			);
			runOnlyForDeploymentPostprocessing = 0;
		};
/* End PBXResourcesBuildPhase section */

/* Begin PBXSourcesBuildPhase section */
		02A082EB220CF2D800580DF9 /* Sources */ = {
			isa = PBXSourcesBuildPhase;
			buildActionMask = 2147483647;
			files = (
				02A0833B220CF3C500580DF9 /* GridDataSource.swift in Sources */,
				02A08334220CF3C500580DF9 /* ImageHeaderView.swift in Sources */,
				02A0833E220CF3C500580DF9 /* ItemCell.swift in Sources */,
				02A08330220CF3C500580DF9 /* Attribute.swift in Sources */,
				02A08333220CF3C500580DF9 /* SubtitleCell.swift in Sources */,
				02A08337220CF3C500580DF9 /* DetailsDataSource.swift in Sources */,
				02A0833C220CF3C500580DF9 /* GridViewController.swift in Sources */,
				02A0832E220CF3C500580DF9 /* JsonUtility.swift in Sources */,
				02A08340220CF3C500580DF9 /* GridPresenter.swift in Sources */,
				02A0833F220CF3C500580DF9 /* ItemCellModel.swift in Sources */,
				02A0833A220CF3C500580DF9 /* MainRouter.swift in Sources */,
				02A08341220CF3C500580DF9 /* GridInteractor.swift in Sources */,
				02A08335220CF3C500580DF9 /* AccessoryCell.swift in Sources */,
				02A08336220CF3C500580DF9 /* DetailsPresenter.swift in Sources */,
				02A08332220CF3C500580DF9 /* RootCell.swift in Sources */,
				02A08338220CF3C500580DF9 /* DetailsInteractor.swift in Sources */,
				02A0832F220CF3C500580DF9 /* Product.swift in Sources */,
				02A08331220CF3C500580DF9 /* APIHandler.swift in Sources */,
				02A08339220CF3C500580DF9 /* DetailsViewController.swift in Sources */,
				02A0832D220CF3C500580DF9 /* AppRouter.swift in Sources */,
				02A082F3220CF2D800580DF9 /* AppDelegate.swift in Sources */,
			);
			runOnlyForDeploymentPostprocessing = 0;
		};
		02A082FF220CF2DC00580DF9 /* Sources */ = {
			isa = PBXSourcesBuildPhase;
			buildActionMask = 2147483647;
			files = (
				02A08308220CF2DC00580DF9 /* DishwasherTests.swift in Sources */,
			);
			runOnlyForDeploymentPostprocessing = 0;
		};
/* End PBXSourcesBuildPhase section */

/* Begin PBXTargetDependency section */
		02A08305220CF2DC00580DF9 /* PBXTargetDependency */ = {
			isa = PBXTargetDependency;
			target = 02A082EE220CF2D800580DF9 /* Dishwasher */;
			targetProxy = 02A08304220CF2DC00580DF9 /* PBXContainerItemProxy */;
		};
/* End PBXTargetDependency section */

/* Begin PBXVariantGroup section */
		02A082F6220CF2D800580DF9 /* Main.storyboard */ = {
			isa = PBXVariantGroup;
			children = (
				02A082F7220CF2D800580DF9 /* Base */,
			);
			name = Main.storyboard;
			sourceTree = "<group>";
		};
		02A082FB220CF2DB00580DF9 /* LaunchScreen.storyboard */ = {
			isa = PBXVariantGroup;
			children = (
				02A082FC220CF2DB00580DF9 /* Base */,
			);
			name = LaunchScreen.storyboard;
			sourceTree = "<group>";
		};
/* End PBXVariantGroup section */

/* Begin XCBuildConfiguration section */
		02A0830A220CF2DC00580DF9 /* Debug */ = {
			isa = XCBuildConfiguration;
			buildSettings = {
				ALWAYS_SEARCH_USER_PATHS = NO;
				CLANG_ANALYZER_NONNULL = YES;
				CLANG_ANALYZER_NUMBER_OBJECT_CONVERSION = YES_AGGRESSIVE;
				CLANG_CXX_LANGUAGE_STANDARD = "gnu++14";
				CLANG_CXX_LIBRARY = "libc++";
				CLANG_ENABLE_MODULES = YES;
				CLANG_ENABLE_OBJC_ARC = YES;
				CLANG_ENABLE_OBJC_WEAK = YES;
				CLANG_WARN_BLOCK_CAPTURE_AUTORELEASING = YES;
				CLANG_WARN_BOOL_CONVERSION = YES;
				CLANG_WARN_COMMA = YES;
				CLANG_WARN_CONSTANT_CONVERSION = YES;
				CLANG_WARN_DEPRECATED_OBJC_IMPLEMENTATIONS = YES;
				CLANG_WARN_DIRECT_OBJC_ISA_USAGE = YES_ERROR;
				CLANG_WARN_DOCUMENTATION_COMMENTS = YES;
				CLANG_WARN_EMPTY_BODY = YES;
				CLANG_WARN_ENUM_CONVERSION = YES;
				CLANG_WARN_INFINITE_RECURSION = YES;
				CLANG_WARN_INT_CONVERSION = YES;
				CLANG_WARN_NON_LITERAL_NULL_CONVERSION = YES;
				CLANG_WARN_OBJC_IMPLICIT_RETAIN_SELF = YES;
				CLANG_WARN_OBJC_LITERAL_CONVERSION = YES;
				CLANG_WARN_OBJC_ROOT_CLASS = YES_ERROR;
				CLANG_WARN_RANGE_LOOP_ANALYSIS = YES;
				CLANG_WARN_STRICT_PROTOTYPES = YES;
				CLANG_WARN_SUSPICIOUS_MOVE = YES;
				CLANG_WARN_UNGUARDED_AVAILABILITY = YES_AGGRESSIVE;
				CLANG_WARN_UNREACHABLE_CODE = YES;
				CLANG_WARN__DUPLICATE_METHOD_MATCH = YES;
				CODE_SIGN_IDENTITY = "iPhone Developer";
				COPY_PHASE_STRIP = NO;
				DEBUG_INFORMATION_FORMAT = dwarf;
				ENABLE_STRICT_OBJC_MSGSEND = YES;
				ENABLE_TESTABILITY = YES;
				GCC_C_LANGUAGE_STANDARD = gnu11;
				GCC_DYNAMIC_NO_PIC = NO;
				GCC_NO_COMMON_BLOCKS = YES;
				GCC_OPTIMIZATION_LEVEL = 0;
				GCC_PREPROCESSOR_DEFINITIONS = (
					"DEBUG=1",
					"$(inherited)",
				);
				GCC_WARN_64_TO_32_BIT_CONVERSION = YES;
				GCC_WARN_ABOUT_RETURN_TYPE = YES_ERROR;
				GCC_WARN_UNDECLARED_SELECTOR = YES;
				GCC_WARN_UNINITIALIZED_AUTOS = YES_AGGRESSIVE;
				GCC_WARN_UNUSED_FUNCTION = YES;
				GCC_WARN_UNUSED_VARIABLE = YES;
				IPHONEOS_DEPLOYMENT_TARGET = 12.0;
				MTL_ENABLE_DEBUG_INFO = INCLUDE_SOURCE;
				MTL_FAST_MATH = YES;
				ONLY_ACTIVE_ARCH = YES;
				SDKROOT = iphoneos;
				SWIFT_ACTIVE_COMPILATION_CONDITIONS = DEBUG;
				SWIFT_OPTIMIZATION_LEVEL = "-Onone";
			};
			name = Debug;
		};
		02A0830B220CF2DC00580DF9 /* Release */ = {
			isa = XCBuildConfiguration;
			buildSettings = {
				ALWAYS_SEARCH_USER_PATHS = NO;
				CLANG_ANALYZER_NONNULL = YES;
				CLANG_ANALYZER_NUMBER_OBJECT_CONVERSION = YES_AGGRESSIVE;
				CLANG_CXX_LANGUAGE_STANDARD = "gnu++14";
				CLANG_CXX_LIBRARY = "libc++";
				CLANG_ENABLE_MODULES = YES;
				CLANG_ENABLE_OBJC_ARC = YES;
				CLANG_ENABLE_OBJC_WEAK = YES;
				CLANG_WARN_BLOCK_CAPTURE_AUTORELEASING = YES;
				CLANG_WARN_BOOL_CONVERSION = YES;
				CLANG_WARN_COMMA = YES;
				CLANG_WARN_CONSTANT_CONVERSION = YES;
				CLANG_WARN_DEPRECATED_OBJC_IMPLEMENTATIONS = YES;
				CLANG_WARN_DIRECT_OBJC_ISA_USAGE = YES_ERROR;
				CLANG_WARN_DOCUMENTATION_COMMENTS = YES;
				CLANG_WARN_EMPTY_BODY = YES;
				CLANG_WARN_ENUM_CONVERSION = YES;
				CLANG_WARN_INFINITE_RECURSION = YES;
				CLANG_WARN_INT_CONVERSION = YES;
				CLANG_WARN_NON_LITERAL_NULL_CONVERSION = YES;
				CLANG_WARN_OBJC_IMPLICIT_RETAIN_SELF = YES;
				CLANG_WARN_OBJC_LITERAL_CONVERSION = YES;
				CLANG_WARN_OBJC_ROOT_CLASS = YES_ERROR;
				CLANG_WARN_RANGE_LOOP_ANALYSIS = YES;
				CLANG_WARN_STRICT_PROTOTYPES = YES;
				CLANG_WARN_SUSPICIOUS_MOVE = YES;
				CLANG_WARN_UNGUARDED_AVAILABILITY = YES_AGGRESSIVE;
				CLANG_WARN_UNREACHABLE_CODE = YES;
				CLANG_WARN__DUPLICATE_METHOD_MATCH = YES;
				CODE_SIGN_IDENTITY = "iPhone Developer";
				COPY_PHASE_STRIP = NO;
				DEBUG_INFORMATION_FORMAT = "dwarf-with-dsym";
				ENABLE_NS_ASSERTIONS = NO;
				ENABLE_STRICT_OBJC_MSGSEND = YES;
				GCC_C_LANGUAGE_STANDARD = gnu11;
				GCC_NO_COMMON_BLOCKS = YES;
				GCC_WARN_64_TO_32_BIT_CONVERSION = YES;
				GCC_WARN_ABOUT_RETURN_TYPE = YES_ERROR;
				GCC_WARN_UNDECLARED_SELECTOR = YES;
				GCC_WARN_UNINITIALIZED_AUTOS = YES_AGGRESSIVE;
				GCC_WARN_UNUSED_FUNCTION = YES;
				GCC_WARN_UNUSED_VARIABLE = YES;
				IPHONEOS_DEPLOYMENT_TARGET = 12.0;
				MTL_ENABLE_DEBUG_INFO = NO;
				MTL_FAST_MATH = YES;
				SDKROOT = iphoneos;
				SWIFT_COMPILATION_MODE = wholemodule;
				SWIFT_OPTIMIZATION_LEVEL = "-O";
				VALIDATE_PRODUCT = YES;
			};
			name = Release;
		};
		02A0830D220CF2DC00580DF9 /* Debug */ = {
			isa = XCBuildConfiguration;
			buildSettings = {
				ASSETCATALOG_COMPILER_APPICON_NAME = AppIcon;
				CODE_SIGN_STYLE = Automatic;
				DEVELOPMENT_TEAM = "";
				INFOPLIST_FILE = Dishwasher/Info.plist;
				IPHONEOS_DEPLOYMENT_TARGET = 11.0;
				LD_RUNPATH_SEARCH_PATHS = (
					"$(inherited)",
					"@executable_path/Frameworks",
				);
				PRODUCT_BUNDLE_IDENTIFIER = Home.Dishwasher;
				PRODUCT_NAME = "$(TARGET_NAME)";
				SWIFT_VERSION = 4.2;
				TARGETED_DEVICE_FAMILY = 2;
			};
			name = Debug;
		};
		02A0830E220CF2DC00580DF9 /* Release */ = {
			isa = XCBuildConfiguration;
			buildSettings = {
				ASSETCATALOG_COMPILER_APPICON_NAME = AppIcon;
				CODE_SIGN_STYLE = Automatic;
				DEVELOPMENT_TEAM = "";
				INFOPLIST_FILE = Dishwasher/Info.plist;
				IPHONEOS_DEPLOYMENT_TARGET = 11.0;
				LD_RUNPATH_SEARCH_PATHS = (
					"$(inherited)",
					"@executable_path/Frameworks",
				);
				PRODUCT_BUNDLE_IDENTIFIER = Home.Dishwasher;
				PRODUCT_NAME = "$(TARGET_NAME)";
				SWIFT_VERSION = 4.2;
				TARGETED_DEVICE_FAMILY = 2;
			};
			name = Release;
		};
		02A08310220CF2DC00580DF9 /* Debug */ = {
			isa = XCBuildConfiguration;
			buildSettings = {
				ALWAYS_EMBED_SWIFT_STANDARD_LIBRARIES = YES;
				BUNDLE_LOADER = "$(TEST_HOST)";
				CODE_SIGN_STYLE = Automatic;
				DEVELOPMENT_TEAM = 4CY9HM7GKY;
				INFOPLIST_FILE = DishwasherTests/Info.plist;
				LD_RUNPATH_SEARCH_PATHS = (
					"$(inherited)",
					"@executable_path/Frameworks",
					"@loader_path/Frameworks",
				);
				PRODUCT_BUNDLE_IDENTIFIER = Home.DishwasherTests;
				PRODUCT_NAME = "$(TARGET_NAME)";
				SWIFT_VERSION = 4.2;
				TARGETED_DEVICE_FAMILY = "1,2";
				TEST_HOST = "$(BUILT_PRODUCTS_DIR)/Dishwasher.app/Dishwasher";
			};
			name = Debug;
		};
		02A08311220CF2DC00580DF9 /* Release */ = {
			isa = XCBuildConfiguration;
			buildSettings = {
				ALWAYS_EMBED_SWIFT_STANDARD_LIBRARIES = YES;
				BUNDLE_LOADER = "$(TEST_HOST)";
				CODE_SIGN_STYLE = Automatic;
				DEVELOPMENT_TEAM = 4CY9HM7GKY;
				INFOPLIST_FILE = DishwasherTests/Info.plist;
				LD_RUNPATH_SEARCH_PATHS = (
					"$(inherited)",
					"@executable_path/Frameworks",
					"@loader_path/Frameworks",
				);
				PRODUCT_BUNDLE_IDENTIFIER = Home.DishwasherTests;
				PRODUCT_NAME = "$(TARGET_NAME)";
				SWIFT_VERSION = 4.2;
				TARGETED_DEVICE_FAMILY = "1,2";
				TEST_HOST = "$(BUILT_PRODUCTS_DIR)/Dishwasher.app/Dishwasher";
			};
			name = Release;
		};
/* End XCBuildConfiguration section */

/* Begin XCConfigurationList section */
		02A082EA220CF2D800580DF9 /* Build configuration list for PBXProject "Dishwasher" */ = {
			isa = XCConfigurationList;
			buildConfigurations = (
				02A0830A220CF2DC00580DF9 /* Debug */,
				02A0830B220CF2DC00580DF9 /* Release */,
			);
			defaultConfigurationIsVisible = 0;
			defaultConfigurationName = Release;
		};
		02A0830C220CF2DC00580DF9 /* Build configuration list for PBXNativeTarget "Dishwasher" */ = {
			isa = XCConfigurationList;
			buildConfigurations = (
				02A0830D220CF2DC00580DF9 /* Debug */,
				02A0830E220CF2DC00580DF9 /* Release */,
			);
			defaultConfigurationIsVisible = 0;
			defaultConfigurationName = Release;
		};
		02A0830F220CF2DC00580DF9 /* Build configuration list for PBXNativeTarget "DishwasherTests" */ = {
			isa = XCConfigurationList;
			buildConfigurations = (
				02A08310220CF2DC00580DF9 /* Debug */,
				02A08311220CF2DC00580DF9 /* Release */,
			);
			defaultConfigurationIsVisible = 0;
			defaultConfigurationName = Release;
		};
/* End XCConfigurationList section */
	};
	rootObject = 02A082E7220CF2D800580DF9 /* Project object */;
}
